
Microsoft Visual Studio Solution File, Format Version 12.00
# Visual Studio 15
VisualStudioVersion = 15.0.28307.438
MinimumVisualStudioVersion = 10.0.40219.1
Project("{FAE04EC0-301F-11D3-BF4B-00C04F79EFBC}") = "DemoApp", "DemoApp\DemoApp.csproj", "{29C461C8-0EC9-472F-A393-1BD39D5D341E}"
EndProject
Project("{FAE04EC0-301F-11D3-BF4B-00C04F79EFBC}") = "Controls", "Controls\Controls.csproj", "{34649D7D-04A9-4092-AD0B-F7022C123FD7}"
EndProject
Project("{2150E333-8FDC-42A3-9474-1A3956D46DE8}") = "Solution Items", "Solution Items", "{2590B588-AD9A-4649-820F-5CF74D26853E}"
	ProjectSection(SolutionItems) = preProject
		..\download.jpg = ..\download.jpg
	EndProjectSection
EndProject
Global
	GlobalSection(SolutionConfigurationPlatforms) = preSolution
		Debug|Any CPU = Debug|Any CPU
		Debug|Mixed Platforms = Debug|Mixed Platforms
		Debug|x86 = Debug|x86
		Release|Any CPU = Release|Any CPU
		Release|Mixed Platforms = Release|Mixed Platforms
		Release|x86 = Release|x86
	EndGlobalSection
	GlobalSection(ProjectConfigurationPlatforms) = postSolution
		{29C461C8-0EC9-472F-A393-1BD39D5D341E}.Debug|Any CPU.ActiveCfg = Debug|x86
		{29C461C8-0EC9-472F-A393-1BD39D5D341E}.Debug|Mixed Platforms.ActiveCfg = Debug|x86
		{29C461C8-0EC9-472F-A393-1BD39D5D341E}.Debug|Mixed Platforms.Build.0 = Debug|x86
		{29C461C8-0EC9-472F-A393-1BD39D5D341E}.Debug|x86.ActiveCfg = Debug|x86
		{29C461C8-0EC9-472F-A393-1BD39D5D341E}.Debug|x86.Build.0 = Debug|x86
		{29C461C8-0EC9-472F-A393-1BD39D5D341E}.Release|Any CPU.ActiveCfg = Release|x86
		{29C461C8-0EC9-472F-A393-1BD39D5D341E}.Release|Mixed Platforms.ActiveCfg = Release|x86
		{29C461C8-0EC9-472F-A393-1BD39D5D341E}.Release|Mixed Platforms.Build.0 = Release|x86
		{29C461C8-0EC9-472F-A393-1BD39D5D341E}.Release|x86.ActiveCfg = Release|x86
		{29C461C8-0EC9-472F-A393-1BD39D5D341E}.Release|x86.Build.0 = Release|x86
		{34649D7D-04A9-4092-AD0B-F7022C123FD7}.Debug|Any CPU.ActiveCfg = Debug|Any CPU
		{34649D7D-04A9-4092-AD0B-F7022C123FD7}.Debug|Any CPU.Build.0 = Debug|Any CPU
		{34649D7D-04A9-4092-AD0B-F7022C123FD7}.Debug|Mixed Platforms.ActiveCfg = Debug|Any CPU
		{34649D7D-04A9-4092-AD0B-F7022C123FD7}.Debug|Mixed Platforms.Build.0 = Debug|Any CPU
		{34649D7D-04A9-4092-AD0B-F7022C123FD7}.Debug|x86.ActiveCfg = Debug|Any CPU
		{34649D7D-04A9-4092-AD0B-F7022C123FD7}.Release|Any CPU.ActiveCfg = Release|Any CPU
		{34649D7D-04A9-4092-AD0B-F7022C123FD7}.Release|Any CPU.Build.0 = Release|Any CPU
		{34649D7D-04A9-4092-AD0B-F7022C123FD7}.Release|Mixed Platforms.ActiveCfg = Release|Any CPU
		{34649D7D-04A9-4092-AD0B-F7022C123FD7}.Release|Mixed Platforms.Build.0 = Release|Any CPU
		{34649D7D-04A9-4092-AD0B-F7022C123FD7}.Release|x86.ActiveCfg = Release|Any CPU
	EndGlobalSection
	GlobalSection(SolutionProperties) = preSolution
		HideSolutionNode = FALSE
	EndGlobalSection
	GlobalSection(ExtensibilityGlobals) = postSolution
		SolutionGuid = {77A122F5-4A07-4E8F-A81F-79E22240E0AB}
	EndGlobalSection
	GlobalSection(TestCaseManagementSettings) = postSolution
		CategoryFile = WordCloudControl.vsmdi
	EndGlobalSection
EndGlobal
